
Microsoft Visual Studio Solution File, Format Version 12.00
# Visual Studio Version 17
VisualStudioVersion = 17.10.35027.167
MinimumVisualStudioVersion = 10.0.40219.1
Project("{FAE04EC0-301F-11D3-BF4B-00C04F79EFBC}") = "HR", "HR\HR.csproj", "{1292D972-8344-4F0B-9337-952F0EA48DBE}"
EndProject
Global
	GlobalSection(SolutionConfigurationPlatforms) = preSolution
		Debug|Any CPU = Debug|Any CPU
		Release|Any CPU = Release|Any CPU
	EndGlobalSection
	GlobalSection(ProjectConfigurationPlatforms) = postSolution
		{1292D972-8344-4F0B-9337-952F0EA48DBE}.Debug|Any CPU.ActiveCfg = Debug|Any CPU
		{1292D972-8344-4F0B-9337-952F0EA48DBE}.Debug|Any CPU.Build.0 = Debug|Any CPU
		{1292D972-8344-4F0B-9337-952F0EA48DBE}.Release|Any CPU.ActiveCfg = Release|Any CPU
		{1292D972-8344-4F0B-9337-952F0EA48DBE}.Release|Any CPU.Build.0 = Release|Any CPU
	EndGlobalSection
	GlobalSection(SolutionProperties) = preSolution
		HideSolutionNode = FALSE
	EndGlobalSection
	GlobalSection(ExtensibilityGlobals) = postSolution
		SolutionGuid = {97B16BFB-2FFD-4CDC-9375-2F1B735DA841}
	EndGlobalSection
EndGlobal
